<?xml version="1.0" encoding="utf-8"?>
<Project ToolsVersion="4.0" xmlns="http://schemas.microsoft.com/developer/msbuild/2003">
  <ItemGroup>
    <Filter Include="Source Files">
      <UniqueIdentifier>{4FC737F1-C7A5-4376-A066-2A32D752A2FF}</UniqueIdentifier>
      <Extensions>cpp;c;cc;cxx;def;odl;idl;hpj;bat;asm;asmx</Extensions>
    </Filter>
    <Filter Include="Header Files">
      <UniqueIdentifier>{93995380-89BD-4b04-88EB-625FBE52EBFB}</UniqueIdentifier>
      <Extensions>h;hh;hpp;hxx;hm;inl;inc;xsd</Extensions>
    </Filter>
    <Filter Include="Resource Files">
      <UniqueIdentifier>{67DA6AB6-F800-4c08-8B7A-83BB121AAD01}</UniqueIdentifier>
      <Extensions>rc;ico;cur;bmp;dlg;rc2;rct;bin;rgs;gif;jpg;jpeg;jpe;resx;tiff;tif;png;wav</Extensions>
    </Filter>
    <Filter Include="Header Files\model">
      <UniqueIdentifier>{65ec1a10-ae50-4993-b81e-4bb0ab17a46d}</UniqueIdentifier>
    </Filter>
    <Filter Include="Header Files\csimplesocket">
      <UniqueIdentifier>{0d570a9e-56fc-4f49-b27f-ce191c3665f0}</UniqueIdentifier>
    </Filter>
    <Filter Include="Source Files\csimplesocket">
      <UniqueIdentifier>{19155580-c97d-43cb-9bf8-1f3a6712b17f}</UniqueIdentifier>
    </Filter>
    <Filter Include="Source Files\model">
      <UniqueIdentifier>{eeedc3fb-d4a0-4c60-8a78-4879474b7f75}</UniqueIdentifier>
    </Filter>
  </ItemGroup>
  <ItemGroup>
    <ClCompile Include="MyStrategy.cpp">
      <Filter>Source Files</Filter>
    </ClCompile>
    <ClCompile Include="RemoteProcessClient.cpp">
      <Filter>Source Files</Filter>
    </ClCompile>
    <ClCompile Include="Runner.cpp">
      <Filter>Source Files</Filter>
    </ClCompile>
    <ClCompile Include="Strategy.cpp">
      <Filter>Source Files</Filter>
    </ClCompile>
    <ClCompile Include="model\Bonus.cpp">
      <Filter>Source Files\model</Filter>
    </ClCompile>
    <ClCompile Include="model\Building.cpp">
      <Filter>Source Files\model</Filter>
    </ClCompile>
    <ClCompile Include="model\CircularUnit.cpp">
      <Filter>Source Files\model</Filter>
    </ClCompile>
    <ClCompile Include="model\Game.cpp">
      <Filter>Source Files\model</Filter>
    </ClCompile>
    <ClCompile Include="model\LivingUnit.cpp">
      <Filter>Source Files\model</Filter>
    </ClCompile>
    <ClCompile Include="model\Message.cpp">
      <Filter>Source Files\model</Filter>
    </ClCompile>
    <ClCompile Include="model\Minion.cpp">
      <Filter>Source Files\model</Filter>
    </ClCompile>
    <ClCompile Include="model\Move.cpp">
      <Filter>Source Files\model</Filter>
    </ClCompile>
    <ClCompile Include="model\Player.cpp">
      <Filter>Source Files\model</Filter>
    </ClCompile>
    <ClCompile Include="model\PlayerContext.cpp">
      <Filter>Source Files\model</Filter>
    </ClCompile>
    <ClCompile Include="model\Projectile.cpp">
      <Filter>Source Files\model</Filter>
    </ClCompile>
    <ClCompile Include="model\Status.cpp">
      <Filter>Source Files\model</Filter>
    </ClCompile>
    <ClCompile Include="model\Tree.cpp">
      <Filter>Source Files\model</Filter>
    </ClCompile>
    <ClCompile Include="model\Unit.cpp">
      <Filter>Source Files\model</Filter>
    </ClCompile>
    <ClCompile Include="model\Wizard.cpp">
      <Filter>Source Files\model</Filter>
    </ClCompile>
    <ClCompile Include="model\World.cpp">
      <Filter>Source Files\model</Filter>
    </ClCompile>
    <ClCompile Include="csimplesocket\ActiveSocket.cpp">
      <Filter>Source Files\csimplesocket</Filter>
    </ClCompile>
    <ClCompile Include="csimplesocket\HTTPActiveSocket.cpp">
      <Filter>Source Files\csimplesocket</Filter>
    </ClCompile>
    <ClCompile Include="csimplesocket\PassiveSocket.cpp">
      <Filter>Source Files\csimplesocket</Filter>
    </ClCompile>
    <ClCompile Include="csimplesocket\SimpleSocket.cpp">
      <Filter>Source Files\csimplesocket</Filter>
    </ClCompile>
  </ItemGroup>
  <ItemGroup>
    <ClInclude Include="MyStrategy.h">
      <Filter>Header Files</Filter>
    </ClInclude>
    <ClInclude Include="RemoteProcessClient.h">
      <Filter>Header Files</Filter>
    </ClInclude>
    <ClInclude Include="Runner.h">
      <Filter>Header Files</Filter>
    </ClInclude>
    <ClInclude Include="Strategy.h">
      <Filter>Header Files</Filter>
    </ClInclude>
    <ClInclude Include="csimplesocket\ActiveSocket.h">
      <Filter>Header Files\csimplesocket</Filter>
    </ClInclude>
    <ClInclude Include="csimplesocket\Host.h">
      <Filter>Header Files\csimplesocket</Filter>
    </ClInclude>
    <ClInclude Include="csimplesocket\HTTPActiveSocket.h">
      <Filter>Header Files\csimplesocket</Filter>
    </ClInclude>
    <ClInclude Include="csimplesocket\PassiveSocket.h">
      <Filter>Header Files\csimplesocket</Filter>
    </ClInclude>
    <ClInclude Include="csimplesocket\SimpleSocket.h">
      <Filter>Header Files\csimplesocket</Filter>
    </ClInclude>
    <ClInclude Include="csimplesocket\StatTimer.h">
      <Filter>Header Files\csimplesocket</Filter>
    </ClInclude>
    <ClInclude Include="model\ActionType.h">
      <Filter>Header Files\model</Filter>
    </ClInclude>
    <ClInclude Include="model\Bonus.h">
      <Filter>Header Files\model</Filter>
    </ClInclude>
    <ClInclude Include="model\BonusType.h">
      <Filter>Header Files\model</Filter>
    </ClInclude>
    <ClInclude Include="model\Building.h">
      <Filter>Header Files\model</Filter>
    </ClInclude>
    <ClInclude Include="model\BuildingType.h">
      <Filter>Header Files\model</Filter>
    </ClInclude>
    <ClInclude Include="model\CircularUnit.h">
      <Filter>Header Files\model</Filter>
    </ClInclude>
    <ClInclude Include="model\Faction.h">
      <Filter>Header Files\model</Filter>
    </ClInclude>
    <ClInclude Include="model\Game.h">
      <Filter>Header Files\model</Filter>
    </ClInclude>
    <ClInclude Include="model\LaneType.h">
      <Filter>Header Files\model</Filter>
    </ClInclude>
    <ClInclude Include="model\LivingUnit.h">
      <Filter>Header Files\model</Filter>
    </ClInclude>
    <ClInclude Include="model\Message.h">
      <Filter>Header Files\model</Filter>
    </ClInclude>
    <ClInclude Include="model\Minion.h">
      <Filter>Header Files\model</Filter>
    </ClInclude>
    <ClInclude Include="model\MinionType.h">
      <Filter>Header Files\model</Filter>
    </ClInclude>
    <ClInclude Include="model\Move.h">
      <Filter>Header Files\model</Filter>
    </ClInclude>
    <ClInclude Include="model\Player.h">
      <Filter>Header Files\model</Filter>
    </ClInclude>
    <ClInclude Include="model\PlayerContext.h">
      <Filter>Header Files\model</Filter>
    </ClInclude>
    <ClInclude Include="model\Projectile.h">
      <Filter>Header Files\model</Filter>
    </ClInclude>
    <ClInclude Include="model\ProjectileType.h">
      <Filter>Header Files\model</Filter>
    </ClInclude>
    <ClInclude Include="model\SkillType.h">
      <Filter>Header Files\model</Filter>
    </ClInclude>
    <ClInclude Include="model\Status.h">
      <Filter>Header Files\model</Filter>
    </ClInclude>
    <ClInclude Include="model\StatusType.h">
      <Filter>Header Files\model</Filter>
    </ClInclude>
    <ClInclude Include="model\Tree.h">
      <Filter>Header Files\model</Filter>
    </ClInclude>
    <ClInclude Include="model\Unit.h">
      <Filter>Header Files\model</Filter>
    </ClInclude>
    <ClInclude Include="model\Wizard.h">
      <Filter>Header Files\model</Filter>
    </ClInclude>
    <ClInclude Include="model\World.h">
      <Filter>Header Files\model</Filter>
    </ClInclude>
  </ItemGroup>
</Project>